// !$*UTF8*$!
{
	archiveVersion = 1;
	classes = {
	};
	objectVersion = 50;
	objects = {

/* Begin PBXBuildFile section */
		D2C4649E2428BAEB00891E0F /* AppDelegate.swift in Sources */ = {isa = PBXBuildFile; fileRef = D2C4649D2428BAEB00891E0F /* AppDelegate.swift */; };
		D2C464A02428BAEB00891E0F /* SceneDelegate.swift in Sources */ = {isa = PBXBuildFile; fileRef = D2C4649F2428BAEB00891E0F /* SceneDelegate.swift */; };
		D2C464A22428BAEB00891E0F /* ViewController.swift in Sources */ = {isa = PBXBuildFile; fileRef = D2C464A12428BAEB00891E0F /* ViewController.swift */; };
		D2C464A52428BAEB00891E0F /* Main.storyboard in Resources */ = {isa = PBXBuildFile; fileRef = D2C464A32428BAEB00891E0F /* Main.storyboard */; };
		D2C464A72428BAEC00891E0F /* Assets.xcassets in Resources */ = {isa = PBXBuildFile; fileRef = D2C464A62428BAEC00891E0F /* Assets.xcassets */; };
		D2C464AA2428BAEC00891E0F /* LaunchScreen.storyboard in Resources */ = {isa = PBXBuildFile; fileRef = D2C464A82428BAEC00891E0F /* LaunchScreen.storyboard */; };
		D2C464B52428BAEC00891E0F /* SwiftTestAppTests.swift in Sources */ = {isa = PBXBuildFile; fileRef = D2C464B42428BAEC00891E0F /* SwiftTestAppTests.swift */; };
		D2C464C02428BAEC00891E0F /* SwiftTestAppUITests.swift in Sources */ = {isa = PBXBuildFile; fileRef = D2C464BF2428BAEC00891E0F /* SwiftTestAppUITests.swift */; };
/* End PBXBuildFile section */

/* Begin PBXContainerItemProxy section */
		D2C464B12428BAEC00891E0F /* PBXContainerItemProxy */ = {
			isa = PBXContainerItemProxy;
			containerPortal = D2C464922428BAEB00891E0F /* Project object */;
			proxyType = 1;
			remoteGlobalIDString = D2C464992428BAEB00891E0F;
			remoteInfo = SwiftTestApp;
		};
		D2C464BC2428BAEC00891E0F /* PBXContainerItemProxy */ = {
			isa = PBXContainerItemProxy;
			containerPortal = D2C464922428BAEB00891E0F /* Project object */;
			proxyType = 1;
			remoteGlobalIDString = D2C464992428BAEB00891E0F;
			remoteInfo = SwiftTestApp;
		};
/* End PBXContainerItemProxy section */

/* Begin PBXFileReference section */
		D2C4649A2428BAEB00891E0F /* SwiftTestApp.app */ = {isa = PBXFileReference; explicitFileType = wrapper.application; includeInIndex = 0; path = SwiftTestApp.app; sourceTree = BUILT_PRODUCTS_DIR; };
		D2C4649D2428BAEB00891E0F /* AppDelegate.swift */ = {isa = PBXFileReference; lastKnownFileType = sourcecode.swift; path = AppDelegate.swift; sourceTree = "<group>"; };
		D2C4649F2428BAEB00891E0F /* SceneDelegate.swift */ = {isa = PBXFileReference; lastKnownFileType = sourcecode.swift; path = SceneDelegate.swift; sourceTree = "<group>"; };
		D2C464A12428BAEB00891E0F /* ViewController.swift */ = {isa = PBXFileReference; lastKnownFileType = sourcecode.swift; path = ViewController.swift; sourceTree = "<group>"; };
		D2C464A42428BAEB00891E0F /* Base */ = {isa = PBXFileReference; lastKnownFileType = file.storyboard; name = Base; path = Base.lproj/Main.storyboard; sourceTree = "<group>"; };
		D2C464A62428BAEC00891E0F /* Assets.xcassets */ = {isa = PBXFileReference; lastKnownFileType = folder.assetcatalog; path = Assets.xcassets; sourceTree = "<group>"; };
		D2C464A92428BAEC00891E0F /* Base */ = {isa = PBXFileReference; lastKnownFileType = file.storyboard; name = Base; path = Base.lproj/LaunchScreen.storyboard; sourceTree = "<group>"; };
		D2C464AB2428BAEC00891E0F /* Info.plist */ = {isa = PBXFileReference; lastKnownFileType = text.plist.xml; path = Info.plist; sourceTree = "<group>"; };
		D2C464B02428BAEC00891E0F /* SwiftTestAppTests.xctest */ = {isa = PBXFileReference; explicitFileType = wrapper.cfbundle; includeInIndex = 0; path = SwiftTestAppTests.xctest; sourceTree = BUILT_PRODUCTS_DIR; };
		D2C464B42428BAEC00891E0F /* SwiftTestAppTests.swift */ = {isa = PBXFileReference; lastKnownFileType = sourcecode.swift; path = SwiftTestAppTests.swift; sourceTree = "<group>"; };
		D2C464B62428BAEC00891E0F /* Info.plist */ = {isa = PBXFileReference; lastKnownFileType = text.plist.xml; path = Info.plist; sourceTree = "<group>"; };
		D2C464BB2428BAEC00891E0F /* SwiftTestAppUITests.xctest */ = {isa = PBXFileReference; explicitFileType = wrapper.cfbundle; includeInIndex = 0; path = SwiftTestAppUITests.xctest; sourceTree = BUILT_PRODUCTS_DIR; };
		D2C464BF2428BAEC00891E0F /* SwiftTestAppUITests.swift */ = {isa = PBXFileReference; lastKnownFileType = sourcecode.swift; path = SwiftTestAppUITests.swift; sourceTree = "<group>"; };
		D2C464C12428BAEC00891E0F /* Info.plist */ = {isa = PBXFileReference; lastKnownFileType = text.plist.xml; path = Info.plist; sourceTree = "<group>"; };
/* End PBXFileReference section */

/* Begin PBXFrameworksBuildPhase section */
		D2C464972428BAEB00891E0F /* Frameworks */ = {
			isa = PBXFrameworksBuildPhase;
			buildActionMask = 2147483647;
			files = (
			);
			runOnlyForDeploymentPostprocessing = 0;
		};
		D2C464AD2428BAEC00891E0F /* Frameworks */ = {
			isa = PBXFrameworksBuildPhase;
			buildActionMask = 2147483647;
			files = (
			);
			runOnlyForDeploymentPostprocessing = 0;
		};
		D2C464B82428BAEC00891E0F /* Frameworks */ = {
			isa = PBXFrameworksBuildPhase;
			buildActionMask = 2147483647;
			files = (
			);
			runOnlyForDeploymentPostprocessing = 0;
		};
/* End PBXFrameworksBuildPhase section */

/* Begin PBXGroup section */
		D2C464912428BAEB00891E0F = {
			isa = PBXGroup;
			children = (
				D2C4649C2428BAEB00891E0F /* SwiftTestApp */,
				D2C464B32428BAEC00891E0F /* SwiftTestAppTests */,
				D2C464BE2428BAEC00891E0F /* SwiftTestAppUITests */,
				D2C4649B2428BAEB00891E0F /* Products */,
			);
			sourceTree = "<group>";
		};
		D2C4649B2428BAEB00891E0F /* Products */ = {
			isa = PBXGroup;
			children = (
				D2C4649A2428BAEB00891E0F /* SwiftTestApp.app */,
				D2C464B02428BAEC00891E0F /* SwiftTestAppTests.xctest */,
				D2C464BB2428BAEC00891E0F /* SwiftTestAppUITests.xctest */,
			);
			name = Products;
			sourceTree = "<group>";
		};
		D2C4649C2428BAEB00891E0F /* SwiftTestApp */ = {
			isa = PBXGroup;
			children = (
				D2C4649D2428BAEB00891E0F /* AppDelegate.swift */,
				D2C4649F2428BAEB00891E0F /* SceneDelegate.swift */,
				D2C464A12428BAEB00891E0F /* ViewController.swift */,
				D2C464A32428BAEB00891E0F /* Main.storyboard */,
				D2C464A62428BAEC00891E0F /* Assets.xcassets */,
				D2C464A82428BAEC00891E0F /* LaunchScreen.storyboard */,
				D2C464AB2428BAEC00891E0F /* Info.plist */,
			);
			path = SwiftTestApp;
			sourceTree = "<group>";
		};
		D2C464B32428BAEC00891E0F /* SwiftTestAppTests */ = {
			isa = PBXGroup;
			children = (
				D2C464B42428BAEC00891E0F /* SwiftTestAppTests.swift */,
				D2C464B62428BAEC00891E0F /* Info.plist */,
			);
			path = SwiftTestAppTests;
			sourceTree = "<group>";
		};
		D2C464BE2428BAEC00891E0F /* SwiftTestAppUITests */ = {
			isa = PBXGroup;
			children = (
				D2C464BF2428BAEC00891E0F /* SwiftTestAppUITests.swift */,
				D2C464C12428BAEC00891E0F /* Info.plist */,
			);
			path = SwiftTestAppUITests;
			sourceTree = "<group>";
		};
/* End PBXGroup section */

/* Begin PBXNativeTarget section */
		D2C464992428BAEB00891E0F /* SwiftTestApp */ = {
			isa = PBXNativeTarget;
			buildConfigurationList = D2C464C42428BAEC00891E0F /* Build configuration list for PBXNativeTarget "SwiftTestApp" */;
			buildPhases = (
				D2C464962428BAEB00891E0F /* Sources */,
				D2C464972428BAEB00891E0F /* Frameworks */,
				D2C464982428BAEB00891E0F /* Resources */,
			);
			buildRules = (
			);
			dependencies = (
			);
			name = SwiftTestApp;
			productName = SwiftTestApp;
			productReference = D2C4649A2428BAEB00891E0F /* SwiftTestApp.app */;
			productType = "com.apple.product-type.application";
		};
		D2C464AF2428BAEC00891E0F /* SwiftTestAppTests */ = {
			isa = PBXNativeTarget;
			buildConfigurationList = D2C464C72428BAEC00891E0F /* Build configuration list for PBXNativeTarget "SwiftTestAppTests" */;
			buildPhases = (
				D2C464AC2428BAEC00891E0F /* Sources */,
				D2C464AD2428BAEC00891E0F /* Frameworks */,
				D2C464AE2428BAEC00891E0F /* Resources */,
			);
			buildRules = (
			);
			dependencies = (
				D2C464B22428BAEC00891E0F /* PBXTargetDependency */,
			);
			name = SwiftTestAppTests;
			productName = SwiftTestAppTests;
			productReference = D2C464B02428BAEC00891E0F /* SwiftTestAppTests.xctest */;
			productType = "com.apple.product-type.bundle.unit-test";
		};
		D2C464BA2428BAEC00891E0F /* SwiftTestAppUITests */ = {
			isa = PBXNativeTarget;
			buildConfigurationList = D2C464CA2428BAEC00891E0F /* Build configuration list for PBXNativeTarget "SwiftTestAppUITests" */;
			buildPhases = (
				D2C464B72428BAEC00891E0F /* Sources */,
				D2C464B82428BAEC00891E0F /* Frameworks */,
				D2C464B92428BAEC00891E0F /* Resources */,
			);
			buildRules = (
			);
			dependencies = (
				D2C464BD2428BAEC00891E0F /* PBXTargetDependency */,
			);
			name = SwiftTestAppUITests;
			productName = SwiftTestAppUITests;
			productReference = D2C464BB2428BAEC00891E0F /* SwiftTestAppUITests.xctest */;
			productType = "com.apple.product-type.bundle.ui-testing";
		};
/* End PBXNativeTarget section */

/* Begin PBXProject section */
		D2C464922428BAEB00891E0F /* Project object */ = {
			isa = PBXProject;
			attributes = {
				LastSwiftUpdateCheck = 1130;
				LastUpgradeCheck = 1130;
				ORGANIZATIONNAME = ParkJunho;
				TargetAttributes = {
					D2C464992428BAEB00891E0F = {
						CreatedOnToolsVersion = 11.3.1;
					};
					D2C464AF2428BAEC00891E0F = {
						CreatedOnToolsVersion = 11.3.1;
						TestTargetID = D2C464992428BAEB00891E0F;
					};
					D2C464BA2428BAEC00891E0F = {
						CreatedOnToolsVersion = 11.3.1;
						TestTargetID = D2C464992428BAEB00891E0F;
					};
				};
			};
			buildConfigurationList = D2C464952428BAEB00891E0F /* Build configuration list for PBXProject "SwiftTestApp" */;
			compatibilityVersion = "Xcode 9.3";
			developmentRegion = en;
			hasScannedForEncodings = 0;
			knownRegions = (
				en,
				Base,
			);
			mainGroup = D2C464912428BAEB00891E0F;
			productRefGroup = D2C4649B2428BAEB00891E0F /* Products */;
			projectDirPath = "";
			projectRoot = "";
			targets = (
				D2C464992428BAEB00891E0F /* SwiftTestApp */,
				D2C464AF2428BAEC00891E0F /* SwiftTestAppTests */,
				D2C464BA2428BAEC00891E0F /* SwiftTestAppUITests */,
			);
		};
/* End PBXProject section */

/* Begin PBXResourcesBuildPhase section */
		D2C464982428BAEB00891E0F /* Resources */ = {
			isa = PBXResourcesBuildPhase;
			buildActionMask = 2147483647;
			files = (
				D2C464AA2428BAEC00891E0F /* LaunchScreen.storyboard in Resources */,
				D2C464A72428BAEC00891E0F /* Assets.xcassets in Resources */,
				D2C464A52428BAEB00891E0F /* Main.storyboard in Resources */,
			);
			runOnlyForDeploymentPostprocessing = 0;
		};
		D2C464AE2428BAEC00891E0F /* Resources */ = {
			isa = PBXResourcesBuildPhase;
			buildActionMask = 2147483647;
			files = (
			);
			runOnlyForDeploymentPostprocessing = 0;
		};
		D2C464B92428BAEC00891E0F /* Resources */ = {
			isa = PBXResourcesBuildPhase;
			buildActionMask = 2147483647;
			files = (
			);
			runOnlyForDeploymentPostprocessing = 0;
		};
/* End PBXResourcesBuildPhase section */

/* Begin PBXSourcesBuildPhase section */
		D2C464962428BAEB00891E0F /* Sources */ = {
			isa = PBXSourcesBuildPhase;
			buildActionMask = 2147483647;
			files = (
				D2C464A22428BAEB00891E0F /* ViewController.swift in Sources */,
				D2C4649E2428BAEB00891E0F /* AppDelegate.swift in Sources */,
				D2C464A02428BAEB00891E0F /* SceneDelegate.swift in Sources */,
			);
			runOnlyForDeploymentPostprocessing = 0;
		};
		D2C464AC2428BAEC00891E0F /* Sources */ = {
			isa = PBXSourcesBuildPhase;
			buildActionMask = 2147483647;
			files = (
				D2C464B52428BAEC00891E0F /* SwiftTestAppTests.swift in Sources */,
			);
			runOnlyForDeploymentPostprocessing = 0;
		};
		D2C464B72428BAEC00891E0F /* Sources */ = {
			isa = PBXSourcesBuildPhase;
			buildActionMask = 2147483647;
			files = (
				D2C464C02428BAEC00891E0F /* SwiftTestAppUITests.swift in Sources */,
			);
			runOnlyForDeploymentPostprocessing = 0;
		};
/* End PBXSourcesBuildPhase section */

/* Begin PBXTargetDependency section */
		D2C464B22428BAEC00891E0F /* PBXTargetDependency */ = {
			isa = PBXTargetDependency;
			target = D2C464992428BAEB00891E0F /* SwiftTestApp */;
			targetProxy = D2C464B12428BAEC00891E0F /* PBXContainerItemProxy */;
		};
		D2C464BD2428BAEC00891E0F /* PBXTargetDependency */ = {
			isa = PBXTargetDependency;
			target = D2C464992428BAEB00891E0F /* SwiftTestApp */;
			targetProxy = D2C464BC2428BAEC00891E0F /* PBXContainerItemProxy */;
		};
/* End PBXTargetDependency section */

/* Begin PBXVariantGroup section */
		D2C464A32428BAEB00891E0F /* Main.storyboard */ = {
			isa = PBXVariantGroup;
			children = (
				D2C464A42428BAEB00891E0F /* Base */,
			);
			name = Main.storyboard;
			sourceTree = "<group>";
		};
		D2C464A82428BAEC00891E0F /* LaunchScreen.storyboard */ = {
			isa = PBXVariantGroup;
			children = (
				D2C464A92428BAEC00891E0F /* Base */,
			);
			name = LaunchScreen.storyboard;
			sourceTree = "<group>";
		};
/* End PBXVariantGroup section */

/* Begin XCBuildConfiguration section */
		D2C464C22428BAEC00891E0F /* Debug */ = {
			isa = XCBuildConfiguration;
			buildSettings = {
				ALWAYS_SEARCH_USER_PATHS = NO;
				CLANG_ANALYZER_NONNULL = YES;
				CLANG_ANALYZER_NUMBER_OBJECT_CONVERSION = YES_AGGRESSIVE;
				CLANG_CXX_LANGUAGE_STANDARD = "gnu++14";
				CLANG_CXX_LIBRARY = "libc++";
				CLANG_ENABLE_MODULES = YES;
				CLANG_ENABLE_OBJC_ARC = YES;
				CLANG_ENABLE_OBJC_WEAK = YES;
				CLANG_WARN_BLOCK_CAPTURE_AUTORELEASING = YES;
				CLANG_WARN_BOOL_CONVERSION = YES;
				CLANG_WARN_COMMA = YES;
				CLANG_WARN_CONSTANT_CONVERSION = YES;
				CLANG_WARN_DEPRECATED_OBJC_IMPLEMENTATIONS = YES;
				CLANG_WARN_DIRECT_OBJC_ISA_USAGE = YES_ERROR;
				CLANG_WARN_DOCUMENTATION_COMMENTS = YES;
				CLANG_WARN_EMPTY_BODY = YES;
				CLANG_WARN_ENUM_CONVERSION = YES;
				CLANG_WARN_INFINITE_RECURSION = YES;
				CLANG_WARN_INT_CONVERSION = YES;
				CLANG_WARN_NON_LITERAL_NULL_CONVERSION = YES;
				CLANG_WARN_OBJC_IMPLICIT_RETAIN_SELF = YES;
				CLANG_WARN_OBJC_LITERAL_CONVERSION = YES;
				CLANG_WARN_OBJC_ROOT_CLASS = YES_ERROR;
				CLANG_WARN_RANGE_LOOP_ANALYSIS = YES;
				CLANG_WARN_STRICT_PROTOTYPES = YES;
				CLANG_WARN_SUSPICIOUS_MOVE = YES;
				CLANG_WARN_UNGUARDED_AVAILABILITY = YES_AGGRESSIVE;
				CLANG_WARN_UNREACHABLE_CODE = YES;
				CLANG_WARN__DUPLICATE_METHOD_MATCH = YES;
				COPY_PHASE_STRIP = NO;
				DEBUG_INFORMATION_FORMAT = dwarf;
				ENABLE_STRICT_OBJC_MSGSEND = YES;
				ENABLE_TESTABILITY = YES;
				GCC_C_LANGUAGE_STANDARD = gnu11;
				GCC_DYNAMIC_NO_PIC = NO;
				GCC_NO_COMMON_BLOCKS = YES;
				GCC_OPTIMIZATION_LEVEL = 0;
				GCC_PREPROCESSOR_DEFINITIONS = (
					"DEBUG=1",
					"$(inherited)",
				);
				GCC_WARN_64_TO_32_BIT_CONVERSION = YES;
				GCC_WARN_ABOUT_RETURN_TYPE = YES_ERROR;
				GCC_WARN_UNDECLARED_SELECTOR = YES;
				GCC_WARN_UNINITIALIZED_AUTOS = YES_AGGRESSIVE;
				GCC_WARN_UNUSED_FUNCTION = YES;
				GCC_WARN_UNUSED_VARIABLE = YES;
				IPHONEOS_DEPLOYMENT_TARGET = 13.2;
				MTL_ENABLE_DEBUG_INFO = INCLUDE_SOURCE;
				MTL_FAST_MATH = YES;
				ONLY_ACTIVE_ARCH = YES;
				SDKROOT = iphoneos;
				SWIFT_ACTIVE_COMPILATION_CONDITIONS = DEBUG;
				SWIFT_OPTIMIZATION_LEVEL = "-Onone";
			};
			name = Debug;
		};
		D2C464C32428BAEC00891E0F /* Release */ = {
			isa = XCBuildConfiguration;
			buildSettings = {
				ALWAYS_SEARCH_USER_PATHS = NO;
				CLANG_ANALYZER_NONNULL = YES;
				CLANG_ANALYZER_NUMBER_OBJECT_CONVERSION = YES_AGGRESSIVE;
				CLANG_CXX_LANGUAGE_STANDARD = "gnu++14";
				CLANG_CXX_LIBRARY = "libc++";
				CLANG_ENABLE_MODULES = YES;
				CLANG_ENABLE_OBJC_ARC = YES;
				CLANG_ENABLE_OBJC_WEAK = YES;
				CLANG_WARN_BLOCK_CAPTURE_AUTORELEASING = YES;
				CLANG_WARN_BOOL_CONVERSION = YES;
				CLANG_WARN_COMMA = YES;
				CLANG_WARN_CONSTANT_CONVERSION = YES;
				CLANG_WARN_DEPRECATED_OBJC_IMPLEMENTATIONS = YES;
				CLANG_WARN_DIRECT_OBJC_ISA_USAGE = YES_ERROR;
				CLANG_WARN_DOCUMENTATION_COMMENTS = YES;
				CLANG_WARN_EMPTY_BODY = YES;
				CLANG_WARN_ENUM_CONVERSION = YES;
				CLANG_WARN_INFINITE_RECURSION = YES;
				CLANG_WARN_INT_CONVERSION = YES;
				CLANG_WARN_NON_LITERAL_NULL_CONVERSION = YES;
				CLANG_WARN_OBJC_IMPLICIT_RETAIN_SELF = YES;
				CLANG_WARN_OBJC_LITERAL_CONVERSION = YES;
				CLANG_WARN_OBJC_ROOT_CLASS = YES_ERROR;
				CLANG_WARN_RANGE_LOOP_ANALYSIS = YES;
				CLANG_WARN_STRICT_PROTOTYPES = YES;
				CLANG_WARN_SUSPICIOUS_MOVE = YES;
				CLANG_WARN_UNGUARDED_AVAILABILITY = YES_AGGRESSIVE;
				CLANG_WARN_UNREACHABLE_CODE = YES;
				CLANG_WARN__DUPLICATE_METHOD_MATCH = YES;
				COPY_PHASE_STRIP = NO;
				DEBUG_INFORMATION_FORMAT = "dwarf-with-dsym";
				ENABLE_NS_ASSERTIONS = NO;
				ENABLE_STRICT_OBJC_MSGSEND = YES;
				GCC_C_LANGUAGE_STANDARD = gnu11;
				GCC_NO_COMMON_BLOCKS = YES;
				GCC_WARN_64_TO_32_BIT_CONVERSION = YES;
				GCC_WARN_ABOUT_RETURN_TYPE = YES_ERROR;
				GCC_WARN_UNDECLARED_SELECTOR = YES;
				GCC_WARN_UNINITIALIZED_AUTOS = YES_AGGRESSIVE;
				GCC_WARN_UNUSED_FUNCTION = YES;
				GCC_WARN_UNUSED_VARIABLE = YES;
				IPHONEOS_DEPLOYMENT_TARGET = 13.2;
				MTL_ENABLE_DEBUG_INFO = NO;
				MTL_FAST_MATH = YES;
				SDKROOT = iphoneos;
				SWIFT_COMPILATION_MODE = wholemodule;
				SWIFT_OPTIMIZATION_LEVEL = "-O";
				VALIDATE_PRODUCT = YES;
			};
			name = Release;
		};
		D2C464C52428BAEC00891E0F /* Debug */ = {
			isa = XCBuildConfiguration;
			buildSettings = {
				ASSETCATALOG_COMPILER_APPICON_NAME = AppIcon;
				CODE_SIGN_STYLE = Automatic;
				INFOPLIST_FILE = SwiftTestApp/Info.plist;
				LD_RUNPATH_SEARCH_PATHS = (
					"$(inherited)",
					"@executable_path/Frameworks",
				);
				PRODUCT_BUNDLE_IDENTIFIER = Junho.SwiftTestApp;
				PRODUCT_NAME = "$(TARGET_NAME)";
				SWIFT_VERSION = 5.0;
				TARGETED_DEVICE_FAMILY = "1,2";
			};
			name = Debug;
		};
		D2C464C62428BAEC00891E0F /* Release */ = {
			isa = XCBuildConfiguration;
			buildSettings = {
				ASSETCATALOG_COMPILER_APPICON_NAME = AppIcon;
				CODE_SIGN_STYLE = Automatic;
				INFOPLIST_FILE = SwiftTestApp/Info.plist;
				LD_RUNPATH_SEARCH_PATHS = (
					"$(inherited)",
					"@executable_path/Frameworks",
				);
				PRODUCT_BUNDLE_IDENTIFIER = Junho.SwiftTestApp;
				PRODUCT_NAME = "$(TARGET_NAME)";
				SWIFT_VERSION = 5.0;
				TARGETED_DEVICE_FAMILY = "1,2";
			};
			name = Release;
		};
		D2C464C82428BAEC00891E0F /* Debug */ = {
			isa = XCBuildConfiguration;
			buildSettings = {
				ALWAYS_EMBED_SWIFT_STANDARD_LIBRARIES = YES;
				BUNDLE_LOADER = "$(TEST_HOST)";
				CODE_SIGN_STYLE = Automatic;
				INFOPLIST_FILE = SwiftTestAppTests/Info.plist;
				IPHONEOS_DEPLOYMENT_TARGET = 13.2;
				LD_RUNPATH_SEARCH_PATHS = (
					"$(inherited)",
					"@executable_path/Frameworks",
					"@loader_path/Frameworks",
				);
				PRODUCT_BUNDLE_IDENTIFIER = Junho.SwiftTestAppTests;
				PRODUCT_NAME = "$(TARGET_NAME)";
				SWIFT_VERSION = 5.0;
				TARGETED_DEVICE_FAMILY = "1,2";
				TEST_HOST = "$(BUILT_PRODUCTS_DIR)/SwiftTestApp.app/SwiftTestApp";
			};
			name = Debug;
		};
		D2C464C92428BAEC00891E0F /* Release */ = {
			isa = XCBuildConfiguration;
			buildSettings = {
				ALWAYS_EMBED_SWIFT_STANDARD_LIBRARIES = YES;
				BUNDLE_LOADER = "$(TEST_HOST)";
				CODE_SIGN_STYLE = Automatic;
				INFOPLIST_FILE = SwiftTestAppTests/Info.plist;
				IPHONEOS_DEPLOYMENT_TARGET = 13.2;
				LD_RUNPATH_SEARCH_PATHS = (
					"$(inherited)",
					"@executable_path/Frameworks",
					"@loader_path/Frameworks",
				);
				PRODUCT_BUNDLE_IDENTIFIER = Junho.SwiftTestAppTests;
				PRODUCT_NAME = "$(TARGET_NAME)";
				SWIFT_VERSION = 5.0;
				TARGETED_DEVICE_FAMILY = "1,2";
				TEST_HOST = "$(BUILT_PRODUCTS_DIR)/SwiftTestApp.app/SwiftTestApp";
			};
			name = Release;
		};
		D2C464CB2428BAEC00891E0F /* Debug */ = {
			isa = XCBuildConfiguration;
			buildSettings = {
				ALWAYS_EMBED_SWIFT_STANDARD_LIBRARIES = YES;
				CODE_SIGN_STYLE = Automatic;
				INFOPLIST_FILE = SwiftTestAppUITests/Info.plist;
				LD_RUNPATH_SEARCH_PATHS = (
					"$(inherited)",
					"@executable_path/Frameworks",
					"@loader_path/Frameworks",
				);
				PRODUCT_BUNDLE_IDENTIFIER = Junho.SwiftTestAppUITests;
				PRODUCT_NAME = "$(TARGET_NAME)";
				SWIFT_VERSION = 5.0;
				TARGETED_DEVICE_FAMILY = "1,2";
				TEST_TARGET_NAME = SwiftTestApp;
			};
			name = Debug;
		};
		D2C464CC2428BAEC00891E0F /* Release */ = {
			isa = XCBuildConfiguration;
			buildSettings = {
				ALWAYS_EMBED_SWIFT_STANDARD_LIBRARIES = YES;
				CODE_SIGN_STYLE = Automatic;
				INFOPLIST_FILE = SwiftTestAppUITests/Info.plist;
				LD_RUNPATH_SEARCH_PATHS = (
					"$(inherited)",
					"@executable_path/Frameworks",
					"@loader_path/Frameworks",
				);
				PRODUCT_BUNDLE_IDENTIFIER = Junho.SwiftTestAppUITests;
				PRODUCT_NAME = "$(TARGET_NAME)";
				SWIFT_VERSION = 5.0;
				TARGETED_DEVICE_FAMILY = "1,2";
				TEST_TARGET_NAME = SwiftTestApp;
			};
			name = Release;
		};
/* End XCBuildConfiguration section */

/* Begin XCConfigurationList section */
		D2C464952428BAEB00891E0F /* Build configuration list for PBXProject "SwiftTestApp" */ = {
			isa = XCConfigurationList;
			buildConfigurations = (
				D2C464C22428BAEC00891E0F /* Debug */,
				D2C464C32428BAEC00891E0F /* Release */,
			);
			defaultConfigurationIsVisible = 0;
			defaultConfigurationName = Release;
		};
		D2C464C42428BAEC00891E0F /* Build configuration list for PBXNativeTarget "SwiftTestApp" */ = {
			isa = XCConfigurationList;
			buildConfigurations = (
				D2C464C52428BAEC00891E0F /* Debug */,
				D2C464C62428BAEC00891E0F /* Release */,
			);
			defaultConfigurationIsVisible = 0;
			defaultConfigurationName = Release;
		};
		D2C464C72428BAEC00891E0F /* Build configuration list for PBXNativeTarget "SwiftTestAppTests" */ = {
			isa = XCConfigurationList;
			buildConfigurations = (
				D2C464C82428BAEC00891E0F /* Debug */,
				D2C464C92428BAEC00891E0F /* Release */,
			);
			defaultConfigurationIsVisible = 0;
			defaultConfigurationName = Release;
		};
		D2C464CA2428BAEC00891E0F /* Build configuration list for PBXNativeTarget "SwiftTestAppUITests" */ = {
			isa = XCConfigurationList;
			buildConfigurations = (
				D2C464CB2428BAEC00891E0F /* Debug */,
				D2C464CC2428BAEC00891E0F /* Release */,
			);
			defaultConfigurationIsVisible = 0;
			defaultConfigurationName = Release;
		};
/* End XCConfigurationList section */
	};
	rootObject = D2C464922428BAEB00891E0F /* Project object */;
}
